github.com/atotto/clipboard v0.1.4 h1:EH0zSVneZPSuFR11BlR9YppQTVDbh5+16AmcJi4g1z4=
github.com/atotto/clipboard v0.1.4/go.mod h1:ZY9tmq7sm5xIbd9bOK4onWV4S6X0u6GY7Vn0Yu86PYI=
github.com/binary-soup/go-command v1.1.1 h1:GbihW2/Tire1wm8qBd7G66Ci2jK7PuSEeZs/2dHNugA=
github.com/binary-soup/go-command v1.1.1/go.mod h1:PKWp67aYKESU+WcDgn6+ror5TmL2av/4RbvFStZQELM=
github.com/binary-soup/go-command v1.1.2 h1:SNPXbP1pL+Jv5T0s8Bk7seJpaGrHLNbAUOj6h4M4NyQ=
github.com/binary-soup/go-command v1.1.2/go.mod h1:PKWp67aYKESU+WcDgn6+ror5TmL2av/4RbvFStZQELM=
